{
    "_meta": {
        "hash": {
            "sha256": "b07706c003ac3b8a72b35d0f5bc192fe9f08d62feb347b9930cb803ea3de4de6"
        },
        "pipfile-spec": 6,
        "requires": {},
        "sources": [
            {
                "name": "pypi",
                "url": "https://pypi.python.org/simple",
                "verify_ssl": true
            }
        ]
    },
    "default": {
        "certifi": {
            "hashes": [
                "sha256:59b7658e26ca9c7339e00f8f4636cdfe59d34fa37b9b04f6f9e9926b3cece1a5",
                "sha256:b26104d6835d1f5e49452a26eb2ff87fe7090b89dfcaee5ea2212697e1e1d7ae"
            ],
            "version": "==2019.3.9"
        },
        "future": {
            "hashes": [
                "sha256:67045236dcfd6816dc439556d009594abf643e5eb48992e36beac09c2ca659b8"
            ],
            "version": "==0.17.1"
        },
        "meh": {
            "hashes": [
                "sha256:c1dd9d92eda20a98f0fd91fe6889390ba5cf04107be8789c0368e178f11e8f43"
            ],
            "index": "pypi",
            "version": "==1.2.1"
        },
        "python-telegram-bot": {
            "hashes": [
                "sha256:3a3991e45f1dfb214abb621ea6df119e1f55ea3396ad18a487e1aa01fbfe9eaa",
                "sha256:92c57965ed5b0320ed3a3a9153acd804b99cd0fa6bbe992adcd8c694588dac35"
            ],
            "index": "pypi",
            "version": "==5.2.0"
        },
        "urllib3": {
            "hashes": [
                "sha256:4c291ca23bbb55c76518905869ef34bdd5f0e46af7afe6861e8375643ffee1a0",
                "sha256:9a247273df709c4fedb38c711e44292304f73f39ab01beda9f6b9fc375669ac3"
            ],
            "index": "pypi",
            "version": "==1.24.2"
        }
    },
    "develop": {}
}
